
Microsoft Visual Studio Solution File, Format Version 12.00
# Visual Studio Version 16
VisualStudioVersion = 16.0.29311.281
MinimumVisualStudioVersion = 10.0.40219.1
Project("{FAE04EC0-301F-11D3-BF4B-00C04F79EFBC}") = "facade", "facade\facade.csproj", "{36794623-4A51-45DF-9CF9-116DDAF1CC21}"
EndProject
Global
	GlobalSection(SolutionConfigurationPlatforms) = preSolution
		Debug|Any CPU = Debug|Any CPU
		Release|Any CPU = Release|Any CPU
	EndGlobalSection
	GlobalSection(ProjectConfigurationPlatforms) = postSolution
		{36794623-4A51-45DF-9CF9-116DDAF1CC21}.Debug|Any CPU.ActiveCfg = Debug|Any CPU
		{36794623-4A51-45DF-9CF9-116DDAF1CC21}.Debug|Any CPU.Build.0 = Debug|Any CPU
		{36794623-4A51-45DF-9CF9-116DDAF1CC21}.Release|Any CPU.ActiveCfg = Release|Any CPU
		{36794623-4A51-45DF-9CF9-116DDAF1CC21}.Release|Any CPU.Build.0 = Release|Any CPU
	EndGlobalSection
	GlobalSection(SolutionProperties) = preSolution
		HideSolutionNode = FALSE
	EndGlobalSection
	GlobalSection(ExtensibilityGlobals) = postSolution
		SolutionGuid = {EA92DED5-CAE4-4147-858D-BB301DC3F47A}
	EndGlobalSection
EndGlobal
