
Microsoft Visual Studio Solution File, Format Version 12.00
# Visual Studio Version 16
VisualStudioVersion = 16.0.29311.281
MinimumVisualStudioVersion = 10.0.40219.1
Project("{FAE04EC0-301F-11D3-BF4B-00C04F79EFBC}") = "Composite", "Composite\Composite.csproj", "{D00CE7AF-C97D-4EAE-8B26-1E11BE892BBA}"
EndProject
Global
	GlobalSection(SolutionConfigurationPlatforms) = preSolution
		Debug|Any CPU = Debug|Any CPU
		Release|Any CPU = Release|Any CPU
	EndGlobalSection
	GlobalSection(ProjectConfigurationPlatforms) = postSolution
		{D00CE7AF-C97D-4EAE-8B26-1E11BE892BBA}.Debug|Any CPU.ActiveCfg = Debug|Any CPU
		{D00CE7AF-C97D-4EAE-8B26-1E11BE892BBA}.Debug|Any CPU.Build.0 = Debug|Any CPU
		{D00CE7AF-C97D-4EAE-8B26-1E11BE892BBA}.Release|Any CPU.ActiveCfg = Release|Any CPU
		{D00CE7AF-C97D-4EAE-8B26-1E11BE892BBA}.Release|Any CPU.Build.0 = Release|Any CPU
	EndGlobalSection
	GlobalSection(SolutionProperties) = preSolution
		HideSolutionNode = FALSE
	EndGlobalSection
	GlobalSection(ExtensibilityGlobals) = postSolution
		SolutionGuid = {18178755-11D0-4F60-984B-3834D5F94787}
	EndGlobalSection
EndGlobal
